lockfileVersion: '9.0'

settings:
  autoInstallPeers: true
  excludeLinksFromLockfile: false

importers:

  .:
    dependencies:
      kaplay:
        specifier: github:dragoncoder047/kaplay#b7d051047929b9982401b2391c84967aca13572e
        version: https://codeload.github.com/dragoncoder047/kaplay/tar.gz/b7d051047929b9982401b2391c84967aca13572e
      zzfx:
        specifier: ^1.3.0
        version: 1.3.0
    devDependencies:
      esbuild:
        specifier: ^0.25.0
        version: 0.25.1
      esbuild-plugin-wat:
        specifier: ^0.2.7
        version: 0.2.7
      typescript:
        specifier: ^5.6.2
        version: 5.6.2

packages:

  '@esbuild/aix-ppc64@0.25.1':
    resolution: {integrity: sha512-kfYGy8IdzTGy+z0vFGvExZtxkFlA4zAxgKEahG9KE1ScBjpQnFsNOX8KTU5ojNru5ed5CVoJYXFtoxaq5nFbjQ==}
    engines: {node: '>=18'}
    cpu: [ppc64]
    os: [aix]

  '@esbuild/android-arm64@0.25.1':
    resolution: {integrity: sha512-50tM0zCJW5kGqgG7fQ7IHvQOcAn9TKiVRuQ/lN0xR+T2lzEFvAi1ZcS8DiksFcEpf1t/GYOeOfCAgDHFpkiSmA==}
    engines: {node: '>=18'}
    cpu: [arm64]
    os: [android]

  '@esbuild/android-arm@0.25.1':
    resolution: {integrity: sha512-dp+MshLYux6j/JjdqVLnMglQlFu+MuVeNrmT5nk6q07wNhCdSnB7QZj+7G8VMUGh1q+vj2Bq8kRsuyA00I/k+Q==}
    engines: {node: '>=18'}
    cpu: [arm]
    os: [android]

  '@esbuild/android-x64@0.25.1':
    resolution: {integrity: sha512-GCj6WfUtNldqUzYkN/ITtlhwQqGWu9S45vUXs7EIYf+7rCiiqH9bCloatO9VhxsL0Pji+PF4Lz2XXCES+Q8hDw==}
    engines: {node: '>=18'}
    cpu: [x64]
    os: [android]

  '@esbuild/darwin-arm64@0.25.1':
    resolution: {integrity: sha512-5hEZKPf+nQjYoSr/elb62U19/l1mZDdqidGfmFutVUjjUZrOazAtwK+Kr+3y0C/oeJfLlxo9fXb1w7L+P7E4FQ==}
    engines: {node: '>=18'}
    cpu: [arm64]
    os: [darwin]

  '@esbuild/darwin-x64@0.25.1':
    resolution: {integrity: sha512-hxVnwL2Dqs3fM1IWq8Iezh0cX7ZGdVhbTfnOy5uURtao5OIVCEyj9xIzemDi7sRvKsuSdtCAhMKarxqtlyVyfA==}
    engines: {node: '>=18'}
    cpu: [x64]
    os: [darwin]

  '@esbuild/freebsd-arm64@0.25.1':
    resolution: {integrity: sha512-1MrCZs0fZa2g8E+FUo2ipw6jw5qqQiH+tERoS5fAfKnRx6NXH31tXBKI3VpmLijLH6yriMZsxJtaXUyFt/8Y4A==}
    engines: {node: '>=18'}
    cpu: [arm64]
    os: [freebsd]

  '@esbuild/freebsd-x64@0.25.1':
    resolution: {integrity: sha512-0IZWLiTyz7nm0xuIs0q1Y3QWJC52R8aSXxe40VUxm6BB1RNmkODtW6LHvWRrGiICulcX7ZvyH6h5fqdLu4gkww==}
    engines: {node: '>=18'}
    cpu: [x64]
    os: [freebsd]

  '@esbuild/linux-arm64@0.25.1':
    resolution: {integrity: sha512-jaN3dHi0/DDPelk0nLcXRm1q7DNJpjXy7yWaWvbfkPvI+7XNSc/lDOnCLN7gzsyzgu6qSAmgSvP9oXAhP973uQ==}
    engines: {node: '>=18'}
    cpu: [arm64]
    os: [linux]

  '@esbuild/linux-arm@0.25.1':
    resolution: {integrity: sha512-NdKOhS4u7JhDKw9G3cY6sWqFcnLITn6SqivVArbzIaf3cemShqfLGHYMx8Xlm/lBit3/5d7kXvriTUGa5YViuQ==}
    engines: {node: '>=18'}
    cpu: [arm]
    os: [linux]

  '@esbuild/linux-ia32@0.25.1':
    resolution: {integrity: sha512-OJykPaF4v8JidKNGz8c/q1lBO44sQNUQtq1KktJXdBLn1hPod5rE/Hko5ugKKZd+D2+o1a9MFGUEIUwO2YfgkQ==}
    engines: {node: '>=18'}
    cpu: [ia32]
    os: [linux]

  '@esbuild/linux-loong64@0.25.1':
    resolution: {integrity: sha512-nGfornQj4dzcq5Vp835oM/o21UMlXzn79KobKlcs3Wz9smwiifknLy4xDCLUU0BWp7b/houtdrgUz7nOGnfIYg==}
    engines: {node: '>=18'}
    cpu: [loong64]
    os: [linux]

  '@esbuild/linux-mips64el@0.25.1':
    resolution: {integrity: sha512-1osBbPEFYwIE5IVB/0g2X6i1qInZa1aIoj1TdL4AaAb55xIIgbg8Doq6a5BzYWgr+tEcDzYH67XVnTmUzL+nXg==}
    engines: {node: '>=18'}
    cpu: [mips64el]
    os: [linux]

  '@esbuild/linux-ppc64@0.25.1':
    resolution: {integrity: sha512-/6VBJOwUf3TdTvJZ82qF3tbLuWsscd7/1w+D9LH0W/SqUgM5/JJD0lrJ1fVIfZsqB6RFmLCe0Xz3fmZc3WtyVg==}
    engines: {node: '>=18'}
    cpu: [ppc64]
    os: [linux]

  '@esbuild/linux-riscv64@0.25.1':
    resolution: {integrity: sha512-nSut/Mx5gnilhcq2yIMLMe3Wl4FK5wx/o0QuuCLMtmJn+WeWYoEGDN1ipcN72g1WHsnIbxGXd4i/MF0gTcuAjQ==}
    engines: {node: '>=18'}
    cpu: [riscv64]
    os: [linux]

  '@esbuild/linux-s390x@0.25.1':
    resolution: {integrity: sha512-cEECeLlJNfT8kZHqLarDBQso9a27o2Zd2AQ8USAEoGtejOrCYHNtKP8XQhMDJMtthdF4GBmjR2au3x1udADQQQ==}
    engines: {node: '>=18'}
    cpu: [s390x]
    os: [linux]

  '@esbuild/linux-x64@0.25.1':
    resolution: {integrity: sha512-xbfUhu/gnvSEg+EGovRc+kjBAkrvtk38RlerAzQxvMzlB4fXpCFCeUAYzJvrnhFtdeyVCDANSjJvOvGYoeKzFA==}
    engines: {node: '>=18'}
    cpu: [x64]
    os: [linux]

  '@esbuild/netbsd-arm64@0.25.1':
    resolution: {integrity: sha512-O96poM2XGhLtpTh+s4+nP7YCCAfb4tJNRVZHfIE7dgmax+yMP2WgMd2OecBuaATHKTHsLWHQeuaxMRnCsH8+5g==}
    engines: {node: '>=18'}
    cpu: [arm64]
    os: [netbsd]

  '@esbuild/netbsd-x64@0.25.1':
    resolution: {integrity: sha512-X53z6uXip6KFXBQ+Krbx25XHV/NCbzryM6ehOAeAil7X7oa4XIq+394PWGnwaSQ2WRA0KI6PUO6hTO5zeF5ijA==}
    engines: {node: '>=18'}
    cpu: [x64]
    os: [netbsd]

  '@esbuild/openbsd-arm64@0.25.1':
    resolution: {integrity: sha512-Na9T3szbXezdzM/Kfs3GcRQNjHzM6GzFBeU1/6IV/npKP5ORtp9zbQjvkDJ47s6BCgaAZnnnu/cY1x342+MvZg==}
    engines: {node: '>=18'}
    cpu: [arm64]
    os: [openbsd]

  '@esbuild/openbsd-x64@0.25.1':
    resolution: {integrity: sha512-T3H78X2h1tszfRSf+txbt5aOp/e7TAz3ptVKu9Oyir3IAOFPGV6O9c2naym5TOriy1l0nNf6a4X5UXRZSGX/dw==}
    engines: {node: '>=18'}
    cpu: [x64]
    os: [openbsd]

  '@esbuild/sunos-x64@0.25.1':
    resolution: {integrity: sha512-2H3RUvcmULO7dIE5EWJH8eubZAI4xw54H1ilJnRNZdeo8dTADEZ21w6J22XBkXqGJbe0+wnNJtw3UXRoLJnFEg==}
    engines: {node: '>=18'}
    cpu: [x64]
    os: [sunos]

  '@esbuild/win32-arm64@0.25.1':
    resolution: {integrity: sha512-GE7XvrdOzrb+yVKB9KsRMq+7a2U/K5Cf/8grVFRAGJmfADr/e/ODQ134RK2/eeHqYV5eQRFxb1hY7Nr15fv1NQ==}
    engines: {node: '>=18'}
    cpu: [arm64]
    os: [win32]

  '@esbuild/win32-ia32@0.25.1':
    resolution: {integrity: sha512-uOxSJCIcavSiT6UnBhBzE8wy3n0hOkJsBOzy7HDAuTDE++1DJMRRVCPGisULScHL+a/ZwdXPpXD3IyFKjA7K8A==}
    engines: {node: '>=18'}
    cpu: [ia32]
    os: [win32]

  '@esbuild/win32-x64@0.25.1':
    resolution: {integrity: sha512-Y1EQdcfwMSeQN/ujR5VayLOJ1BHaK+ssyk0AEzPjC+t1lITgsnccPqFjb6V+LsTp/9Iov4ysfjxLaGJ9RPtkVg==}
    engines: {node: '>=18'}
    cpu: [x64]
    os: [win32]

  '@webassemblyjs/ast@https://github.com/mitschabaude/webassemblyjs/releases/download/v1.11.1-3/webassemblyjs-ast.tgz':
    resolution: {tarball: https://github.com/mitschabaude/webassemblyjs/releases/download/v1.11.1-3/webassemblyjs-ast.tgz}
    version: 1.11.1

  '@webassemblyjs/ast@https://github.com/mitschabaude/webassemblyjs/releases/latest/download/webassemblyjs-ast.tgz':
    resolution: {tarball: https://github.com/mitschabaude/webassemblyjs/releases/latest/download/webassemblyjs-ast.tgz}
    version: 1.11.1

  '@webassemblyjs/floating-point-hex-parser@https://github.com/mitschabaude/webassemblyjs/releases/download/v1.11.1-3/webassemblyjs-floating-point-hex-parser.tgz':
    resolution: {tarball: https://github.com/mitschabaude/webassemblyjs/releases/download/v1.11.1-3/webassemblyjs-floating-point-hex-parser.tgz}
    version: 1.11.1

  '@webassemblyjs/helper-api-error@https://github.com/mitschabaude/webassemblyjs/releases/download/v1.11.1-3/webassemblyjs-helper-api-error.tgz':
    resolution: {tarball: https://github.com/mitschabaude/webassemblyjs/releases/download/v1.11.1-3/webassemblyjs-helper-api-error.tgz}
    version: 1.11.1

  '@webassemblyjs/helper-code-frame@https://github.com/mitschabaude/webassemblyjs/releases/download/v1.11.1-3/webassemblyjs-helper-code-frame.tgz':
    resolution: {tarball: https://github.com/mitschabaude/webassemblyjs/releases/download/v1.11.1-3/webassemblyjs-helper-code-frame.tgz}
    version: 1.11.1

  '@webassemblyjs/helper-fsm@https://github.com/mitschabaude/webassemblyjs/releases/download/v1.11.1-3/webassemblyjs-helper-fsm.tgz':
    resolution: {tarball: https://github.com/mitschabaude/webassemblyjs/releases/download/v1.11.1-3/webassemblyjs-helper-fsm.tgz}
    version: 1.11.1

  '@webassemblyjs/helper-numbers@https://github.com/mitschabaude/webassemblyjs/releases/download/v1.11.1-3/webassemblyjs-helper-numbers.tgz':
    resolution: {tarball: https://github.com/mitschabaude/webassemblyjs/releases/download/v1.11.1-3/webassemblyjs-helper-numbers.tgz}
    version: 1.11.1

  '@webassemblyjs/helper-wasm-bytecode@https://github.com/mitschabaude/webassemblyjs/releases/download/v1.11.1-3/webassemblyjs-helper-wasm-bytecode.tgz':
    resolution: {tarball: https://github.com/mitschabaude/webassemblyjs/releases/download/v1.11.1-3/webassemblyjs-helper-wasm-bytecode.tgz}
    version: 1.11.1

  '@webassemblyjs/ieee754@https://github.com/mitschabaude/webassemblyjs/releases/download/v1.11.1-3/webassemblyjs-ieee754.tgz':
    resolution: {tarball: https://github.com/mitschabaude/webassemblyjs/releases/download/v1.11.1-3/webassemblyjs-ieee754.tgz}
    version: 1.11.1

  '@webassemblyjs/leb128@https://github.com/mitschabaude/webassemblyjs/releases/download/v1.11.1-3/webassemblyjs-leb128.tgz':
    resolution: {tarball: https://github.com/mitschabaude/webassemblyjs/releases/download/v1.11.1-3/webassemblyjs-leb128.tgz}
    version: 1.11.1

  '@webassemblyjs/utf8@https://github.com/mitschabaude/webassemblyjs/releases/download/v1.11.1-3/webassemblyjs-utf8.tgz':
    resolution: {tarball: https://github.com/mitschabaude/webassemblyjs/releases/download/v1.11.1-3/webassemblyjs-utf8.tgz}
    version: 1.11.1

  '@webassemblyjs/wasm-parser@https://github.com/mitschabaude/webassemblyjs/releases/latest/download/webassemblyjs-wasm-parser.tgz':
    resolution: {tarball: https://github.com/mitschabaude/webassemblyjs/releases/latest/download/webassemblyjs-wasm-parser.tgz}
    version: 1.11.1

  '@webassemblyjs/wast-parser@https://github.com/mitschabaude/webassemblyjs/releases/latest/download/webassemblyjs-wast-parser.tgz':
    resolution: {tarball: https://github.com/mitschabaude/webassemblyjs/releases/latest/download/webassemblyjs-wast-parser.tgz}
    version: 1.11.1

  '@webassemblyjs/wast-printer@https://github.com/mitschabaude/webassemblyjs/releases/download/v1.11.1-3/webassemblyjs-wast-printer.tgz':
    resolution: {tarball: https://github.com/mitschabaude/webassemblyjs/releases/download/v1.11.1-3/webassemblyjs-wast-printer.tgz}
    version: 1.11.1

  '@webassemblyjs/wast-printer@https://github.com/mitschabaude/webassemblyjs/releases/latest/download/webassemblyjs-wast-printer.tgz':
    resolution: {tarball: https://github.com/mitschabaude/webassemblyjs/releases/latest/download/webassemblyjs-wast-printer.tgz}
    version: 1.11.1

  '@xtuc/ieee754@1.2.0':
    resolution: {integrity: sha512-DX8nKgqcGwsc0eJSqYt5lwP4DH5FlHnmuWWBRy7X0NcaGR0ZtuyeESgMwTYVEtxmsNGY+qit4QYT/MIYTOTPeA==}

  '@xtuc/long@4.2.2':
    resolution: {integrity: sha512-NuHqBY1PB/D8xU6s/thBgOAiAP7HOYDQ32+BFZILJ8ivkUkAHQnWfn6WhL79Owj1qmUnoN/YPhktdIoucipkAQ==}

  binaryen@123.0.0:
    resolution: {integrity: sha512-/hls/a309aZCc0itqP6uhoR+5DsKSlJVfB8Opd2BY9Ndghs84IScTunlyidyF4r2Xe3lQttnfBNIDjaNpj6mTw==}
    hasBin: true

  commondir@1.0.1:
    resolution: {integrity: sha512-W9pAhw0ja1Edb5GVdIF1mjZw/ASI0AlShXM83UUGe2DVr5TdAPEA1OA8m/g8zWp9x6On7gqufY+FatDbC3MDQg==}

  es-module-lexer@1.7.0:
    resolution: {integrity: sha512-jEQoCwk8hyb2AZziIOLhDqpm5+2ww5uIE6lkO/6jcOCusfk6LhMHpXXfBLXTZ7Ydyt0j4VoUQv6uGNYbdW+kBA==}

  esbuild-plugin-wat@0.2.7:
    resolution: {integrity: sha512-Hb2BJHezVrKDu3zY/gAKdLa5j3l8ybgi7UDgxFHwpxjMRqmMgceBa1FIQLZovfh5bhbl1u0n4MMnhRS0yM1BNg==}
    hasBin: true

  esbuild@0.25.1:
    resolution: {integrity: sha512-BGO5LtrGC7vxnqucAe/rmvKdJllfGaYWdyABvyMoXQlfYMb2bbRuReWR5tEGE//4LcNJj9XrkovTqNYRFZHAMQ==}
    engines: {node: '>=18'}
    hasBin: true

  find-cache-dir@3.3.2:
    resolution: {integrity: sha512-wXZV5emFEjrridIgED11OoUKLxiYjAcqot/NJdAkOhlJ+vGzwhOAfcG5OX1jP+S0PcjEn8bdMJv+g2jwQ3Onig==}
    engines: {node: '>=8'}

  find-up@4.1.0:
    resolution: {integrity: sha512-PpOwAdQ/YlXQ2vj8a3h8IipDuYRi3wceVQQGYWxNINccq40Anw7BlsEXCMbt1Zt+OLA6Fq9suIpIWD0OsnISlw==}
    engines: {node: '>=8'}

  kaplay@https://codeload.github.com/dragoncoder047/kaplay/tar.gz/b7d051047929b9982401b2391c84967aca13572e:
    resolution: {tarball: https://codeload.github.com/dragoncoder047/kaplay/tar.gz/b7d051047929b9982401b2391c84967aca13572e}
    version: 4000.0.0-alpha.20
    engines: {node: '>=20.0.0'}

  locate-path@5.0.0:
    resolution: {integrity: sha512-t7hw9pI+WvuwNJXwk5zVHpyhIqzg2qTlklJOf0mVxGSbe3Fp2VieZcduNYjaLDoy6p9uGpQEGWG87WpMKlNq8g==}
    engines: {node: '>=8'}

  make-dir@3.1.0:
    resolution: {integrity: sha512-g3FeP20LNwhALb/6Cz6Dd4F2ngze0jz7tbzrD2wAV+o9FeNHe4rL+yK2md0J/fiSf1sa1ADhXqi5+oVwOM/eGw==}
    engines: {node: '>=8'}

  minimist@1.2.8:
    resolution: {integrity: sha512-2yyAR8qBkN3YuheJanUpWC5U3bb5osDywNB8RzDVlDwDHbocAJveqqj1u8+SVD7jkWT4yvsHCpWqqWqAxb0zCA==}

  p-limit@2.3.0:
    resolution: {integrity: sha512-//88mFWSJx8lxCzwdAABTJL2MyWB12+eIY7MDL2SqLmAkeKU9qxRvWuSyTjm3FUmpBEMuFfckAIqEaVGUDxb6w==}
    engines: {node: '>=6'}

  p-locate@4.1.0:
    resolution: {integrity: sha512-R79ZZ/0wAxKGu3oYMlz8jy/kbhsNrS7SKZ7PxEHBgJ5+F2mtFW2fK2cOtBh1cHYkQsbzFV7I+EoRKe6Yt0oK7A==}
    engines: {node: '>=8'}

  p-try@2.2.0:
    resolution: {integrity: sha512-R4nPAVTAU0B9D35/Gk3uJf/7XYbQcyohSKdvAxIRSNghFl4e71hVoGnBNQz9cWaXxO2I10KTC+3jMdvvoKw6dQ==}
    engines: {node: '>=6'}

  parse-imports@1.2.0:
    resolution: {integrity: sha512-K5aG9cextqjAlyevwuSMjWPbBr+X8xGgfHS4VopbKC1u3jLndRGl2CoUHMTvuD6LIg4di5TzH/Pw9+XZyTjI/w==}
    engines: {node: '>= 12.17'}

  path-exists@4.0.0:
    resolution: {integrity: sha512-ak9Qy5Q7jYb2Wwcey5Fpvg2KoAc/ZIhLSLOSBmRmygPsGwkVVt0fZa0qrtMz+m6tJTAHfZQ8FnmB4MG4LWy7/w==}
    engines: {node: '>=8'}

  pkg-dir@4.2.0:
    resolution: {integrity: sha512-HRDzbaKjC+AOWVXxAU/x54COGeIv9eb+6CkDSQoNTt4XyWoIJvuPsXizxu/Fr23EiekbtZwmh1IcIG/l/a10GQ==}
    engines: {node: '>=8'}

  semver@6.3.1:
    resolution: {integrity: sha512-BR7VvDCVHO+q2xBEWskxS6DJE1qRnb7DxzUrogb71CWoSficBxYsiAGd+Kl0mmq/MprG9yArRkyrQxTO6XjMzA==}
    hasBin: true

  slashes@3.0.12:
    resolution: {integrity: sha512-Q9VME8WyGkc7pJf6QEkj3wE+2CnvZMI+XJhwdTPR8Z/kWQRXi7boAWLDibRPyHRTUTPx5FaU7MsyrjI3yLB4HA==}

  typescript@5.6.2:
    resolution: {integrity: sha512-NW8ByodCSNCwZeghjN3o+JX5OFH0Ojg6sadjEKY4huZ52TqbJTJnDo5+Tw98lSy63NZvi4n+ez5m2u5d4PkZyw==}
    engines: {node: '>=14.17'}
    hasBin: true

  wabt@1.0.37:
    resolution: {integrity: sha512-2B/TH4ppwtlkUosLtuIimKsTVnqM8aoXxYHnu/WOxiSqa+CGoZXmG+pQyfDQjEKIAc7GqFlJsuCKuK8rIPL1sg==}
    hasBin: true

  zzfx@1.3.0:
    resolution: {integrity: sha512-59fM+Oo/0NBmjK0G7Ryo1Zt/2MiIKAhtCiFDbuyopihJgZxFB+Ow9Gdgu77KAdiNSS1E7mMqduXV1hnNkBb/eg==}

snapshots:

  '@esbuild/aix-ppc64@0.25.1':
    optional: true

  '@esbuild/android-arm64@0.25.1':
    optional: true

  '@esbuild/android-arm@0.25.1':
    optional: true

  '@esbuild/android-x64@0.25.1':
    optional: true

  '@esbuild/darwin-arm64@0.25.1':
    optional: true

  '@esbuild/darwin-x64@0.25.1':
    optional: true

  '@esbuild/freebsd-arm64@0.25.1':
    optional: true

  '@esbuild/freebsd-x64@0.25.1':
    optional: true

  '@esbuild/linux-arm64@0.25.1':
    optional: true

  '@esbuild/linux-arm@0.25.1':
    optional: true

  '@esbuild/linux-ia32@0.25.1':
    optional: true

  '@esbuild/linux-loong64@0.25.1':
    optional: true

  '@esbuild/linux-mips64el@0.25.1':
    optional: true

  '@esbuild/linux-ppc64@0.25.1':
    optional: true

  '@esbuild/linux-riscv64@0.25.1':
    optional: true

  '@esbuild/linux-s390x@0.25.1':
    optional: true

  '@esbuild/linux-x64@0.25.1':
    optional: true

  '@esbuild/netbsd-arm64@0.25.1':
    optional: true

  '@esbuild/netbsd-x64@0.25.1':
    optional: true

  '@esbuild/openbsd-arm64@0.25.1':
    optional: true

  '@esbuild/openbsd-x64@0.25.1':
    optional: true

  '@esbuild/sunos-x64@0.25.1':
    optional: true

  '@esbuild/win32-arm64@0.25.1':
    optional: true

  '@esbuild/win32-ia32@0.25.1':
    optional: true

  '@esbuild/win32-x64@0.25.1':
    optional: true

  '@webassemblyjs/ast@https://github.com/mitschabaude/webassemblyjs/releases/download/v1.11.1-3/webassemblyjs-ast.tgz':
    dependencies:
      '@webassemblyjs/helper-numbers': https://github.com/mitschabaude/webassemblyjs/releases/download/v1.11.1-3/webassemblyjs-helper-numbers.tgz
      '@webassemblyjs/helper-wasm-bytecode': https://github.com/mitschabaude/webassemblyjs/releases/download/v1.11.1-3/webassemblyjs-helper-wasm-bytecode.tgz

  '@webassemblyjs/ast@https://github.com/mitschabaude/webassemblyjs/releases/latest/download/webassemblyjs-ast.tgz':
    dependencies:
      '@webassemblyjs/helper-numbers': https://github.com/mitschabaude/webassemblyjs/releases/download/v1.11.1-3/webassemblyjs-helper-numbers.tgz
      '@webassemblyjs/helper-wasm-bytecode': https://github.com/mitschabaude/webassemblyjs/releases/download/v1.11.1-3/webassemblyjs-helper-wasm-bytecode.tgz

  '@webassemblyjs/floating-point-hex-parser@https://github.com/mitschabaude/webassemblyjs/releases/download/v1.11.1-3/webassemblyjs-floating-point-hex-parser.tgz': {}

  '@webassemblyjs/helper-api-error@https://github.com/mitschabaude/webassemblyjs/releases/download/v1.11.1-3/webassemblyjs-helper-api-error.tgz': {}

  '@webassemblyjs/helper-code-frame@https://github.com/mitschabaude/webassemblyjs/releases/download/v1.11.1-3/webassemblyjs-helper-code-frame.tgz':
    dependencies:
      '@webassemblyjs/wast-printer': https://github.com/mitschabaude/webassemblyjs/releases/download/v1.11.1-3/webassemblyjs-wast-printer.tgz

  '@webassemblyjs/helper-fsm@https://github.com/mitschabaude/webassemblyjs/releases/download/v1.11.1-3/webassemblyjs-helper-fsm.tgz': {}

  '@webassemblyjs/helper-numbers@https://github.com/mitschabaude/webassemblyjs/releases/download/v1.11.1-3/webassemblyjs-helper-numbers.tgz':
    dependencies:
      '@webassemblyjs/floating-point-hex-parser': https://github.com/mitschabaude/webassemblyjs/releases/download/v1.11.1-3/webassemblyjs-floating-point-hex-parser.tgz
      '@webassemblyjs/helper-api-error': https://github.com/mitschabaude/webassemblyjs/releases/download/v1.11.1-3/webassemblyjs-helper-api-error.tgz
      '@xtuc/long': 4.2.2

  '@webassemblyjs/helper-wasm-bytecode@https://github.com/mitschabaude/webassemblyjs/releases/download/v1.11.1-3/webassemblyjs-helper-wasm-bytecode.tgz': {}

  '@webassemblyjs/ieee754@https://github.com/mitschabaude/webassemblyjs/releases/download/v1.11.1-3/webassemblyjs-ieee754.tgz':
    dependencies:
      '@xtuc/ieee754': 1.2.0

  '@webassemblyjs/leb128@https://github.com/mitschabaude/webassemblyjs/releases/download/v1.11.1-3/webassemblyjs-leb128.tgz':
    dependencies:
      '@xtuc/long': 4.2.2

  '@webassemblyjs/utf8@https://github.com/mitschabaude/webassemblyjs/releases/download/v1.11.1-3/webassemblyjs-utf8.tgz': {}

  '@webassemblyjs/wasm-parser@https://github.com/mitschabaude/webassemblyjs/releases/latest/download/webassemblyjs-wasm-parser.tgz':
    dependencies:
      '@webassemblyjs/ast': https://github.com/mitschabaude/webassemblyjs/releases/download/v1.11.1-3/webassemblyjs-ast.tgz
      '@webassemblyjs/helper-api-error': https://github.com/mitschabaude/webassemblyjs/releases/download/v1.11.1-3/webassemblyjs-helper-api-error.tgz
      '@webassemblyjs/helper-wasm-bytecode': https://github.com/mitschabaude/webassemblyjs/releases/download/v1.11.1-3/webassemblyjs-helper-wasm-bytecode.tgz
      '@webassemblyjs/ieee754': https://github.com/mitschabaude/webassemblyjs/releases/download/v1.11.1-3/webassemblyjs-ieee754.tgz
      '@webassemblyjs/leb128': https://github.com/mitschabaude/webassemblyjs/releases/download/v1.11.1-3/webassemblyjs-leb128.tgz
      '@webassemblyjs/utf8': https://github.com/mitschabaude/webassemblyjs/releases/download/v1.11.1-3/webassemblyjs-utf8.tgz

  '@webassemblyjs/wast-parser@https://github.com/mitschabaude/webassemblyjs/releases/latest/download/webassemblyjs-wast-parser.tgz':
    dependencies:
      '@webassemblyjs/ast': https://github.com/mitschabaude/webassemblyjs/releases/download/v1.11.1-3/webassemblyjs-ast.tgz
      '@webassemblyjs/floating-point-hex-parser': https://github.com/mitschabaude/webassemblyjs/releases/download/v1.11.1-3/webassemblyjs-floating-point-hex-parser.tgz
      '@webassemblyjs/helper-api-error': https://github.com/mitschabaude/webassemblyjs/releases/download/v1.11.1-3/webassemblyjs-helper-api-error.tgz
      '@webassemblyjs/helper-code-frame': https://github.com/mitschabaude/webassemblyjs/releases/download/v1.11.1-3/webassemblyjs-helper-code-frame.tgz
      '@webassemblyjs/helper-fsm': https://github.com/mitschabaude/webassemblyjs/releases/download/v1.11.1-3/webassemblyjs-helper-fsm.tgz
      '@xtuc/long': 4.2.2

  '@webassemblyjs/wast-printer@https://github.com/mitschabaude/webassemblyjs/releases/download/v1.11.1-3/webassemblyjs-wast-printer.tgz':
    dependencies:
      '@webassemblyjs/ast': https://github.com/mitschabaude/webassemblyjs/releases/download/v1.11.1-3/webassemblyjs-ast.tgz
      '@xtuc/long': 4.2.2

  '@webassemblyjs/wast-printer@https://github.com/mitschabaude/webassemblyjs/releases/latest/download/webassemblyjs-wast-printer.tgz':
    dependencies:
      '@webassemblyjs/ast': https://github.com/mitschabaude/webassemblyjs/releases/download/v1.11.1-3/webassemblyjs-ast.tgz
      '@xtuc/long': 4.2.2

  '@xtuc/ieee754@1.2.0': {}

  '@xtuc/long@4.2.2': {}

  binaryen@123.0.0: {}

  commondir@1.0.1: {}

  es-module-lexer@1.7.0: {}

  esbuild-plugin-wat@0.2.7:
    dependencies:
      '@webassemblyjs/ast': https://github.com/mitschabaude/webassemblyjs/releases/latest/download/webassemblyjs-ast.tgz
      '@webassemblyjs/wasm-parser': https://github.com/mitschabaude/webassemblyjs/releases/latest/download/webassemblyjs-wasm-parser.tgz
      '@webassemblyjs/wast-parser': https://github.com/mitschabaude/webassemblyjs/releases/latest/download/webassemblyjs-wast-parser.tgz
      '@webassemblyjs/wast-printer': https://github.com/mitschabaude/webassemblyjs/releases/latest/download/webassemblyjs-wast-printer.tgz
      binaryen: 123.0.0
      find-cache-dir: 3.3.2
      minimist: 1.2.8
      parse-imports: 1.2.0
      wabt: 1.0.37

  esbuild@0.25.1:
    optionalDependencies:
      '@esbuild/aix-ppc64': 0.25.1
      '@esbuild/android-arm': 0.25.1
      '@esbuild/android-arm64': 0.25.1
      '@esbuild/android-x64': 0.25.1
      '@esbuild/darwin-arm64': 0.25.1
      '@esbuild/darwin-x64': 0.25.1
      '@esbuild/freebsd-arm64': 0.25.1
      '@esbuild/freebsd-x64': 0.25.1
      '@esbuild/linux-arm': 0.25.1
      '@esbuild/linux-arm64': 0.25.1
      '@esbuild/linux-ia32': 0.25.1
      '@esbuild/linux-loong64': 0.25.1
      '@esbuild/linux-mips64el': 0.25.1
      '@esbuild/linux-ppc64': 0.25.1
      '@esbuild/linux-riscv64': 0.25.1
      '@esbuild/linux-s390x': 0.25.1
      '@esbuild/linux-x64': 0.25.1
      '@esbuild/netbsd-arm64': 0.25.1
      '@esbuild/netbsd-x64': 0.25.1
      '@esbuild/openbsd-arm64': 0.25.1
      '@esbuild/openbsd-x64': 0.25.1
      '@esbuild/sunos-x64': 0.25.1
      '@esbuild/win32-arm64': 0.25.1
      '@esbuild/win32-ia32': 0.25.1
      '@esbuild/win32-x64': 0.25.1

  find-cache-dir@3.3.2:
    dependencies:
      commondir: 1.0.1
      make-dir: 3.1.0
      pkg-dir: 4.2.0

  find-up@4.1.0:
    dependencies:
      locate-path: 5.0.0
      path-exists: 4.0.0

  kaplay@https://codeload.github.com/dragoncoder047/kaplay/tar.gz/b7d051047929b9982401b2391c84967aca13572e: {}

  locate-path@5.0.0:
    dependencies:
      p-locate: 4.1.0

  make-dir@3.1.0:
    dependencies:
      semver: 6.3.1

  minimist@1.2.8: {}

  p-limit@2.3.0:
    dependencies:
      p-try: 2.2.0

  p-locate@4.1.0:
    dependencies:
      p-limit: 2.3.0

  p-try@2.2.0: {}

  parse-imports@1.2.0:
    dependencies:
      es-module-lexer: 1.7.0
      slashes: 3.0.12

  path-exists@4.0.0: {}

  pkg-dir@4.2.0:
    dependencies:
      find-up: 4.1.0

  semver@6.3.1: {}

  slashes@3.0.12: {}

  typescript@5.6.2: {}

  wabt@1.0.37: {}

  zzfx@1.3.0: {}
